
Microsoft Visual Studio Solution File, Format Version 12.00
# Visual Studio Version 16
VisualStudioVersion = 16.0.30011.22
MinimumVisualStudioVersion = 10.0.40219.1
Project("{FAE04EC0-301F-11D3-BF4B-00C04F79EFBC}") = "GeraExcelPorAspNet", "GeraExcelPorAspNet\GeraExcelPorAspNet.csproj", "{381DB89C-8DE1-4870-9D70-98080B822DB1}"
EndProject
Global
	GlobalSection(SolutionConfigurationPlatforms) = preSolution
		Debug|Any CPU = Debug|Any CPU
		Release|Any CPU = Release|Any CPU
	EndGlobalSection
	GlobalSection(ProjectConfigurationPlatforms) = postSolution
		{381DB89C-8DE1-4870-9D70-98080B822DB1}.Debug|Any CPU.ActiveCfg = Debug|Any CPU
		{381DB89C-8DE1-4870-9D70-98080B822DB1}.Debug|Any CPU.Build.0 = Debug|Any CPU
		{381DB89C-8DE1-4870-9D70-98080B822DB1}.Release|Any CPU.ActiveCfg = Release|Any CPU
		{381DB89C-8DE1-4870-9D70-98080B822DB1}.Release|Any CPU.Build.0 = Release|Any CPU
	EndGlobalSection
	GlobalSection(SolutionProperties) = preSolution
		HideSolutionNode = FALSE
	EndGlobalSection
	GlobalSection(ExtensibilityGlobals) = postSolution
		SolutionGuid = {41BA17A7-742E-4591-9250-567C97975B65}
	EndGlobalSection
EndGlobal
